Microsoft Visual Studio Solution File, Format Version 12.00
# Visual Studio 15
VisualStudioVersion = 15.0.27130.2026
MinimumVisualStudioVersion = 10.0.40219.1
Project("{FAE04EC0-301F-11D3-BF4B-00C04F79EFBC}") = "AsciiStudio", "AsciiStudio\AsciiStudio.csproj", "{DA93E8B0-D000-4258-BCB0-BDA7DD7C6377}"
EndProject
Project("{FAE04EC0-301F-11D3-BF4B-00C04F79EFBC}") = "AsciiStudio.WinForms", "AsciiStudio.WinForms\AsciiStudio.WinForms.csproj", "{378FEC62-E678-4137-8681-7D2108A611B6}"
EndProject
Project("{FAE04EC0-301F-11D3-BF4B-00C04F79EFBC}") = "AsciiStudio.Mac", "AsciiStudio.Mac\AsciiStudio.Mac.csproj", "{E7090174-71D1-4412-9C54-AD50D65AA9D8}"
EndProject
Global
	GlobalSection(SolutionConfigurationPlatforms) = preSolution
		Debug|Any CPU = Debug|Any CPU
		Release|Any CPU = Release|Any CPU
	EndGlobalSection
	GlobalSection(ProjectConfigurationPlatforms) = postSolution
		{DA93E8B0-D000-4258-BCB0-BDA7DD7C6377}.Debug|Any CPU.ActiveCfg = Debug|Any CPU
		{DA93E8B0-D000-4258-BCB0-BDA7DD7C6377}.Debug|Any CPU.Build.0 = Debug|Any CPU
		{DA93E8B0-D000-4258-BCB0-BDA7DD7C6377}.Release|Any CPU.ActiveCfg = Release|Any CPU
		{DA93E8B0-D000-4258-BCB0-BDA7DD7C6377}.Release|Any CPU.Build.0 = Release|Any CPU
		{378FEC62-E678-4137-8681-7D2108A611B6}.Debug|Any CPU.ActiveCfg = Debug|Any CPU
		{378FEC62-E678-4137-8681-7D2108A611B6}.Debug|Any CPU.Build.0 = Debug|Any CPU
		{378FEC62-E678-4137-8681-7D2108A611B6}.Release|Any CPU.ActiveCfg = Release|Any CPU
		{378FEC62-E678-4137-8681-7D2108A611B6}.Release|Any CPU.Build.0 = Release|Any CPU
		{E7090174-71D1-4412-9C54-AD50D65AA9D8}.Debug|Any CPU.ActiveCfg = Debug|Any CPU
		{E7090174-71D1-4412-9C54-AD50D65AA9D8}.Debug|Any CPU.Build.0 = Debug|Any CPU
		{E7090174-71D1-4412-9C54-AD50D65AA9D8}.Release|Any CPU.ActiveCfg = Release|Any CPU
		{E7090174-71D1-4412-9C54-AD50D65AA9D8}.Release|Any CPU.Build.0 = Release|Any CPU
	EndGlobalSection
	GlobalSection(SolutionProperties) = preSolution
		HideSolutionNode = FALSE
	EndGlobalSection
	GlobalSection(ExtensibilityGlobals) = postSolution
		SolutionGuid = {47857121-F23B-4FD1-B3FD-23A0B03BB92D}
	EndGlobalSection
EndGlobal
